
Microsoft Visual Studio Solution File, Format Version 12.00
# Visual Studio Version 17
VisualStudioVersion = 17.5.33516.290
MinimumVisualStudioVersion = 10.0.40219.1
Project("{9A19103F-16F7-4668-BE54-9A1E7A4F7556}") = "PrimerParcial", "PrimerParcial.csproj", "{0437FB5B-52E3-49D6-8718-2880A92A3DCB}"
EndProject
Project("{9A19103F-16F7-4668-BE54-9A1E7A4F7556}") = "PrimerParcialUI", "..\PrimerParcialUI\PrimerParcialUI.csproj", "{77B9BE2D-96EF-47B8-A2E1-BB1F166511CF}"
EndProject
Project("{FAE04EC0-301F-11D3-BF4B-00C04F79EFBC}") = "PrimerParcialBiblioteca", "..\PrimerParcialBiblioteca\PrimerParcialBiblioteca.csproj", "{DEB265EB-FCC4-4E1A-A9E9-2DA891B1F3B4}"
EndProject
Global
	GlobalSection(SolutionConfigurationPlatforms) = preSolution
		Debug|Any CPU = Debug|Any CPU
		Release|Any CPU = Release|Any CPU
	EndGlobalSection
	GlobalSection(ProjectConfigurationPlatforms) = postSolution
		{0437FB5B-52E3-49D6-8718-2880A92A3DCB}.Debug|Any CPU.ActiveCfg = Debug|Any CPU
		{0437FB5B-52E3-49D6-8718-2880A92A3DCB}.Debug|Any CPU.Build.0 = Debug|Any CPU
		{0437FB5B-52E3-49D6-8718-2880A92A3DCB}.Release|Any CPU.ActiveCfg = Release|Any CPU
		{0437FB5B-52E3-49D6-8718-2880A92A3DCB}.Release|Any CPU.Build.0 = Release|Any CPU
		{77B9BE2D-96EF-47B8-A2E1-BB1F166511CF}.Debug|Any CPU.ActiveCfg = Debug|Any CPU
		{77B9BE2D-96EF-47B8-A2E1-BB1F166511CF}.Debug|Any CPU.Build.0 = Debug|Any CPU
		{77B9BE2D-96EF-47B8-A2E1-BB1F166511CF}.Release|Any CPU.ActiveCfg = Release|Any CPU
		{77B9BE2D-96EF-47B8-A2E1-BB1F166511CF}.Release|Any CPU.Build.0 = Release|Any CPU
		{DEB265EB-FCC4-4E1A-A9E9-2DA891B1F3B4}.Debug|Any CPU.ActiveCfg = Debug|Any CPU
		{DEB265EB-FCC4-4E1A-A9E9-2DA891B1F3B4}.Debug|Any CPU.Build.0 = Debug|Any CPU
		{DEB265EB-FCC4-4E1A-A9E9-2DA891B1F3B4}.Release|Any CPU.ActiveCfg = Release|Any CPU
		{DEB265EB-FCC4-4E1A-A9E9-2DA891B1F3B4}.Release|Any CPU.Build.0 = Release|Any CPU
	EndGlobalSection
	GlobalSection(SolutionProperties) = preSolution
		HideSolutionNode = FALSE
	EndGlobalSection
	GlobalSection(ExtensibilityGlobals) = postSolution
		SolutionGuid = {D73259CD-929F-44A5-8A32-553C8F8D0641}
	EndGlobalSection
EndGlobal
